
Microsoft Visual Studio Solution File, Format Version 12.00
# Visual Studio for Mac
Project("{FAE04EC0-301F-11D3-BF4B-00C04F79EFBC}") = "realidadaumentada", "realidadaumentada.csproj", "{F3049EFE-C0D6-C45C-B133-C374DBD6B74F}"
EndProject
Project("{FAE04EC0-301F-11D3-BF4B-00C04F79EFBC}") = "realidadaumentada.Editor", "realidadaumentada.Editor.csproj", "{4EF389F1-64E6-9D4A-CD9F-9231024DCCB4}"
EndProject
Global
	GlobalSection(SolutionConfigurationPlatforms) = preSolution
		Debug|Any CPU = Debug|Any CPU
		Release|Any CPU = Release|Any CPU
	EndGlobalSection
	GlobalSection(ProjectConfigurationPlatforms) = postSolution
		{F3049EFE-C0D6-C45C-B133-C374DBD6B74F}.Debug|Any CPU.ActiveCfg = Debug|Any CPU
		{F3049EFE-C0D6-C45C-B133-C374DBD6B74F}.Debug|Any CPU.Build.0 = Debug|Any CPU
		{F3049EFE-C0D6-C45C-B133-C374DBD6B74F}.Release|Any CPU.ActiveCfg = Release|Any CPU
		{F3049EFE-C0D6-C45C-B133-C374DBD6B74F}.Release|Any CPU.Build.0 = Release|Any CPU
		{4EF389F1-64E6-9D4A-CD9F-9231024DCCB4}.Debug|Any CPU.ActiveCfg = Debug|Any CPU
		{4EF389F1-64E6-9D4A-CD9F-9231024DCCB4}.Debug|Any CPU.Build.0 = Debug|Any CPU
		{4EF389F1-64E6-9D4A-CD9F-9231024DCCB4}.Release|Any CPU.ActiveCfg = Release|Any CPU
		{4EF389F1-64E6-9D4A-CD9F-9231024DCCB4}.Release|Any CPU.Build.0 = Release|Any CPU
	EndGlobalSection
	GlobalSection(SolutionProperties) = preSolution
		HideSolutionNode = FALSE
	EndGlobalSection
EndGlobal
